// !$*UTF8*$!
{
	archiveVersion = 1;
	classes = {
	};
	objectVersion = 46;
	objects = {

/* Begin PBXBuildFile section */
		354F77971AA251FB00E66BC4 /* AppDelegate.swift in Sources */ = {isa = PBXBuildFile; fileRef = 354F77961AA251FB00E66BC4 /* AppDelegate.swift */; };
		354F77991AA251FB00E66BC4 /* ViewController.swift in Sources */ = {isa = PBXBuildFile; fileRef = 354F77981AA251FB00E66BC4 /* ViewController.swift */; };
		354F779C1AA251FB00E66BC4 /* Main.storyboard in Resources */ = {isa = PBXBuildFile; fileRef = 354F779A1AA251FB00E66BC4 /* Main.storyboard */; };
		354F779E1AA251FB00E66BC4 /* Images.xcassets in Resources */ = {isa = PBXBuildFile; fileRef = 354F779D1AA251FB00E66BC4 /* Images.xcassets */; };
		354F77A11AA251FB00E66BC4 /* LaunchScreen.xib in Resources */ = {isa = PBXBuildFile; fileRef = 354F779F1AA251FB00E66BC4 /* LaunchScreen.xib */; };
		354F77AD1AA251FB00E66BC4 /* SurpriseTests.swift in Sources */ = {isa = PBXBuildFile; fileRef = 354F77AC1AA251FB00E66BC4 /* SurpriseTests.swift */; };
/* End PBXBuildFile section */

/* Begin PBXContainerItemProxy section */
		354F77A71AA251FB00E66BC4 /* PBXContainerItemProxy */ = {
			isa = PBXContainerItemProxy;
			containerPortal = 354F77891AA251FB00E66BC4 /* Project object */;
			proxyType = 1;
			remoteGlobalIDString = 354F77901AA251FB00E66BC4;
			remoteInfo = Surprise;
		};
/* End PBXContainerItemProxy section */

/* Begin PBXFileReference section */
		354F77911AA251FB00E66BC4 /* Surprise.app */ = {isa = PBXFileReference; explicitFileType = wrapper.application; includeInIndex = 0; path = Surprise.app; sourceTree = BUILT_PRODUCTS_DIR; };
		354F77951AA251FB00E66BC4 /* Info.plist */ = {isa = PBXFileReference; lastKnownFileType = text.plist.xml; path = Info.plist; sourceTree = "<group>"; };
		354F77961AA251FB00E66BC4 /* AppDelegate.swift */ = {isa = PBXFileReference; lastKnownFileType = sourcecode.swift; path = AppDelegate.swift; sourceTree = "<group>"; };
		354F77981AA251FB00E66BC4 /* ViewController.swift */ = {isa = PBXFileReference; lastKnownFileType = sourcecode.swift; path = ViewController.swift; sourceTree = "<group>"; };
		354F779B1AA251FB00E66BC4 /* Base */ = {isa = PBXFileReference; lastKnownFileType = file.storyboard; name = Base; path = Base.lproj/Main.storyboard; sourceTree = "<group>"; };
		354F779D1AA251FB00E66BC4 /* Images.xcassets */ = {isa = PBXFileReference; lastKnownFileType = folder.assetcatalog; path = Images.xcassets; sourceTree = "<group>"; };
		354F77A01AA251FB00E66BC4 /* Base */ = {isa = PBXFileReference; lastKnownFileType = file.xib; name = Base; path = Base.lproj/LaunchScreen.xib; sourceTree = "<group>"; };
		354F77A61AA251FB00E66BC4 /* SurpriseTests.xctest */ = {isa = PBXFileReference; explicitFileType = wrapper.cfbundle; includeInIndex = 0; path = SurpriseTests.xctest; sourceTree = BUILT_PRODUCTS_DIR; };
		354F77AB1AA251FB00E66BC4 /* Info.plist */ = {isa = PBXFileReference; lastKnownFileType = text.plist.xml; path = Info.plist; sourceTree = "<group>"; };
		354F77AC1AA251FB00E66BC4 /* SurpriseTests.swift */ = {isa = PBXFileReference; lastKnownFileType = sourcecode.swift; path = SurpriseTests.swift; sourceTree = "<group>"; };
/* End PBXFileReference section */

/* Begin PBXFrameworksBuildPhase section */
		354F778E1AA251FB00E66BC4 /* Frameworks */ = {
			isa = PBXFrameworksBuildPhase;
			buildActionMask = 2147483647;
			files = (
			);
			runOnlyForDeploymentPostprocessing = 0;
		};
		354F77A31AA251FB00E66BC4 /* Frameworks */ = {
			isa = PBXFrameworksBuildPhase;
			buildActionMask = 2147483647;
			files = (
			);
			runOnlyForDeploymentPostprocessing = 0;
		};
/* End PBXFrameworksBuildPhase section */

/* Begin PBXGroup section */
		354F77881AA251FB00E66BC4 = {
			isa = PBXGroup;
			children = (
				354F77931AA251FB00E66BC4 /* Surprise */,
				354F77A91AA251FB00E66BC4 /* SurpriseTests */,
				354F77921AA251FB00E66BC4 /* Products */,
			);
			sourceTree = "<group>";
		};
		354F77921AA251FB00E66BC4 /* Products */ = {
			isa = PBXGroup;
			children = (
				354F77911AA251FB00E66BC4 /* Surprise.app */,
				354F77A61AA251FB00E66BC4 /* SurpriseTests.xctest */,
			);
			name = Products;
			sourceTree = "<group>";
		};
		354F77931AA251FB00E66BC4 /* Surprise */ = {
			isa = PBXGroup;
			children = (
				354F77961AA251FB00E66BC4 /* AppDelegate.swift */,
				354F77981AA251FB00E66BC4 /* ViewController.swift */,
				354F779A1AA251FB00E66BC4 /* Main.storyboard */,
				354F779D1AA251FB00E66BC4 /* Images.xcassets */,
				354F779F1AA251FB00E66BC4 /* LaunchScreen.xib */,
				354F77941AA251FB00E66BC4 /* Supporting Files */,
			);
			path = Surprise;
			sourceTree = "<group>";
		};
		354F77941AA251FB00E66BC4 /* Supporting Files */ = {
			isa = PBXGroup;
			children = (
				354F77951AA251FB00E66BC4 /* Info.plist */,
			);
			name = "Supporting Files";
			sourceTree = "<group>";
		};
		354F77A91AA251FB00E66BC4 /* SurpriseTests */ = {
			isa = PBXGroup;
			children = (
				354F77AC1AA251FB00E66BC4 /* SurpriseTests.swift */,
				354F77AA1AA251FB00E66BC4 /* Supporting Files */,
			);
			path = SurpriseTests;
			sourceTree = "<group>";
		};
		354F77AA1AA251FB00E66BC4 /* Supporting Files */ = {
			isa = PBXGroup;
			children = (
				354F77AB1AA251FB00E66BC4 /* Info.plist */,
			);
			name = "Supporting Files";
			sourceTree = "<group>";
		};
/* End PBXGroup section */

/* Begin PBXNativeTarget section */
		354F77901AA251FB00E66BC4 /* Surprise */ = {
			isa = PBXNativeTarget;
			buildConfigurationList = 354F77B01AA251FB00E66BC4 /* Build configuration list for PBXNativeTarget "Surprise" */;
			buildPhases = (
				354F778D1AA251FB00E66BC4 /* Sources */,
				354F778E1AA251FB00E66BC4 /* Frameworks */,
				354F778F1AA251FB00E66BC4 /* Resources */,
			);
			buildRules = (
			);
			dependencies = (
			);
			name = Surprise;
			productName = Surprise;
			productReference = 354F77911AA251FB00E66BC4 /* Surprise.app */;
			productType = "com.apple.product-type.application";
		};
		354F77A51AA251FB00E66BC4 /* SurpriseTests */ = {
			isa = PBXNativeTarget;
			buildConfigurationList = 354F77B31AA251FB00E66BC4 /* Build configuration list for PBXNativeTarget "SurpriseTests" */;
			buildPhases = (
				354F77A21AA251FB00E66BC4 /* Sources */,
				354F77A31AA251FB00E66BC4 /* Frameworks */,
				354F77A41AA251FB00E66BC4 /* Resources */,
			);
			buildRules = (
			);
			dependencies = (
				354F77A81AA251FB00E66BC4 /* PBXTargetDependency */,
			);
			name = SurpriseTests;
			productName = SurpriseTests;
			productReference = 354F77A61AA251FB00E66BC4 /* SurpriseTests.xctest */;
			productType = "com.apple.product-type.bundle.unit-test";
		};
/* End PBXNativeTarget section */

/* Begin PBXProject section */
		354F77891AA251FB00E66BC4 /* Project object */ = {
			isa = PBXProject;
			attributes = {
				LastUpgradeCheck = 0610;
				ORGANIZATIONNAME = "Fairmount Park";
				TargetAttributes = {
					354F77901AA251FB00E66BC4 = {
						CreatedOnToolsVersion = 6.1.1;
					};
					354F77A51AA251FB00E66BC4 = {
						CreatedOnToolsVersion = 6.1.1;
						TestTargetID = 354F77901AA251FB00E66BC4;
					};
				};
			};
			buildConfigurationList = 354F778C1AA251FB00E66BC4 /* Build configuration list for PBXProject "Surprise" */;
			compatibilityVersion = "Xcode 3.2";
			developmentRegion = English;
			hasScannedForEncodings = 0;
			knownRegions = (
				en,
				Base,
			);
			mainGroup = 354F77881AA251FB00E66BC4;
			productRefGroup = 354F77921AA251FB00E66BC4 /* Products */;
			projectDirPath = "";
			projectRoot = "";
			targets = (
				354F77901AA251FB00E66BC4 /* Surprise */,
				354F77A51AA251FB00E66BC4 /* SurpriseTests */,
			);
		};
/* End PBXProject section */

/* Begin PBXResourcesBuildPhase section */
		354F778F1AA251FB00E66BC4 /* Resources */ = {
			isa = PBXResourcesBuildPhase;
			buildActionMask = 2147483647;
			files = (
				354F779C1AA251FB00E66BC4 /* Main.storyboard in Resources */,
				354F77A11AA251FB00E66BC4 /* LaunchScreen.xib in Resources */,
				354F779E1AA251FB00E66BC4 /* Images.xcassets in Resources */,
			);
			runOnlyForDeploymentPostprocessing = 0;
		};
		354F77A41AA251FB00E66BC4 /* Resources */ = {
			isa = PBXResourcesBuildPhase;
			buildActionMask = 2147483647;
			files = (
			);
			runOnlyForDeploymentPostprocessing = 0;
		};
/* End PBXResourcesBuildPhase section */

/* Begin PBXSourcesBuildPhase section */
		354F778D1AA251FB00E66BC4 /* Sources */ = {
			isa = PBXSourcesBuildPhase;
			buildActionMask = 2147483647;
			files = (
				354F77991AA251FB00E66BC4 /* ViewController.swift in Sources */,
				354F77971AA251FB00E66BC4 /* AppDelegate.swift in Sources */,
			);
			runOnlyForDeploymentPostprocessing = 0;
		};
		354F77A21AA251FB00E66BC4 /* Sources */ = {
			isa = PBXSourcesBuildPhase;
			buildActionMask = 2147483647;
			files = (
				354F77AD1AA251FB00E66BC4 /* SurpriseTests.swift in Sources */,
			);
			runOnlyForDeploymentPostprocessing = 0;
		};
/* End PBXSourcesBuildPhase section */

/* Begin PBXTargetDependency section */
		354F77A81AA251FB00E66BC4 /* PBXTargetDependency */ = {
			isa = PBXTargetDependency;
			target = 354F77901AA251FB00E66BC4 /* Surprise */;
			targetProxy = 354F77A71AA251FB00E66BC4 /* PBXContainerItemProxy */;
		};
/* End PBXTargetDependency section */

/* Begin PBXVariantGroup section */
		354F779A1AA251FB00E66BC4 /* Main.storyboard */ = {
			isa = PBXVariantGroup;
			children = (
				354F779B1AA251FB00E66BC4 /* Base */,
			);
			name = Main.storyboard;
			sourceTree = "<group>";
		};
		354F779F1AA251FB00E66BC4 /* LaunchScreen.xib */ = {
			isa = PBXVariantGroup;
			children = (
				354F77A01AA251FB00E66BC4 /* Base */,
			);
			name = LaunchScreen.xib;
			sourceTree = "<group>";
		};
/* End PBXVariantGroup section */

/* Begin XCBuildConfiguration section */
		354F77AE1AA251FB00E66BC4 /* Debug */ = {
			isa = XCBuildConfiguration;
			buildSettings = {
				ALWAYS_SEARCH_USER_PATHS = NO;
				CLANG_CXX_LANGUAGE_STANDARD = "gnu++0x";
				CLANG_CXX_LIBRARY = "libc++";
				CLANG_ENABLE_MODULES = YES;
				CLANG_ENABLE_OBJC_ARC = YES;
				CLANG_WARN_BOOL_CONVERSION = YES;
				CLANG_WARN_CONSTANT_CONVERSION = YES;
				CLANG_WARN_DIRECT_OBJC_ISA_USAGE = YES_ERROR;
				CLANG_WARN_EMPTY_BODY = YES;
				CLANG_WARN_ENUM_CONVERSION = YES;
				CLANG_WARN_INT_CONVERSION = YES;
				CLANG_WARN_OBJC_ROOT_CLASS = YES_ERROR;
				CLANG_WARN_UNREACHABLE_CODE = YES;
				CLANG_WARN__DUPLICATE_METHOD_MATCH = YES;
				"CODE_SIGN_IDENTITY[sdk=iphoneos*]" = "iPhone Developer";
				COPY_PHASE_STRIP = NO;
				ENABLE_STRICT_OBJC_MSGSEND = YES;
				GCC_C_LANGUAGE_STANDARD = gnu99;
				GCC_DYNAMIC_NO_PIC = NO;
				GCC_OPTIMIZATION_LEVEL = 0;
				GCC_PREPROCESSOR_DEFINITIONS = (
					"DEBUG=1",
					"$(inherited)",
				);
				GCC_SYMBOLS_PRIVATE_EXTERN = NO;
				GCC_WARN_64_TO_32_BIT_CONVERSION = YES;
				GCC_WARN_ABOUT_RETURN_TYPE = YES_ERROR;
				GCC_WARN_UNDECLARED_SELECTOR = YES;
				GCC_WARN_UNINITIALIZED_AUTOS = YES_AGGRESSIVE;
				GCC_WARN_UNUSED_FUNCTION = YES;
				GCC_WARN_UNUSED_VARIABLE = YES;
				IPHONEOS_DEPLOYMENT_TARGET = 8.1;
				MTL_ENABLE_DEBUG_INFO = YES;
				ONLY_ACTIVE_ARCH = YES;
				SDKROOT = iphoneos;
				SWIFT_OPTIMIZATION_LEVEL = "-Onone";
				TARGETED_DEVICE_FAMILY = "1,2";
			};
			name = Debug;
		};
		354F77AF1AA251FB00E66BC4 /* Release */ = {
			isa = XCBuildConfiguration;
			buildSettings = {
				ALWAYS_SEARCH_USER_PATHS = NO;
				CLANG_CXX_LANGUAGE_STANDARD = "gnu++0x";
				CLANG_CXX_LIBRARY = "libc++";
				CLANG_ENABLE_MODULES = YES;
				CLANG_ENABLE_OBJC_ARC = YES;
				CLANG_WARN_BOOL_CONVERSION = YES;
				CLANG_WARN_CONSTANT_CONVERSION = YES;
				CLANG_WARN_DIRECT_OBJC_ISA_USAGE = YES_ERROR;
				CLANG_WARN_EMPTY_BODY = YES;
				CLANG_WARN_ENUM_CONVERSION = YES;
				CLANG_WARN_INT_CONVERSION = YES;
				CLANG_WARN_OBJC_ROOT_CLASS = YES_ERROR;
				CLANG_WARN_UNREACHABLE_CODE = YES;
				CLANG_WARN__DUPLICATE_METHOD_MATCH = YES;
				"CODE_SIGN_IDENTITY[sdk=iphoneos*]" = "iPhone Developer";
				COPY_PHASE_STRIP = YES;
				ENABLE_NS_ASSERTIONS = NO;
				ENABLE_STRICT_OBJC_MSGSEND = YES;
				GCC_C_LANGUAGE_STANDARD = gnu99;
				GCC_WARN_64_TO_32_BIT_CONVERSION = YES;
				GCC_WARN_ABOUT_RETURN_TYPE = YES_ERROR;
				GCC_WARN_UNDECLARED_SELECTOR = YES;
				GCC_WARN_UNINITIALIZED_AUTOS = YES_AGGRESSIVE;
				GCC_WARN_UNUSED_FUNCTION = YES;
				GCC_WARN_UNUSED_VARIABLE = YES;
				IPHONEOS_DEPLOYMENT_TARGET = 8.1;
				MTL_ENABLE_DEBUG_INFO = NO;
				SDKROOT = iphoneos;
				TARGETED_DEVICE_FAMILY = "1,2";
				VALIDATE_PRODUCT = YES;
			};
			name = Release;
		};
		354F77B11AA251FB00E66BC4 /* Debug */ = {
			isa = XCBuildConfiguration;
			buildSettings = {
				ASSETCATALOG_COMPILER_APPICON_NAME = AppIcon;
				INFOPLIST_FILE = Surprise/Info.plist;
				LD_RUNPATH_SEARCH_PATHS = "$(inherited) @executable_path/Frameworks";
				PRODUCT_NAME = "$(TARGET_NAME)";
			};
			name = Debug;
		};
		354F77B21AA251FB00E66BC4 /* Release */ = {
			isa = XCBuildConfiguration;
			buildSettings = {
				ASSETCATALOG_COMPILER_APPICON_NAME = AppIcon;
				INFOPLIST_FILE = Surprise/Info.plist;
				LD_RUNPATH_SEARCH_PATHS = "$(inherited) @executable_path/Frameworks";
				PRODUCT_NAME = "$(TARGET_NAME)";
			};
			name = Release;
		};
		354F77B41AA251FB00E66BC4 /* Debug */ = {
			isa = XCBuildConfiguration;
			buildSettings = {
				BUNDLE_LOADER = "$(TEST_HOST)";
				FRAMEWORK_SEARCH_PATHS = (
					"$(SDKROOT)/Developer/Library/Frameworks",
					"$(inherited)",
				);
				GCC_PREPROCESSOR_DEFINITIONS = (
					"DEBUG=1",
					"$(inherited)",
				);
				INFOPLIST_FILE = SurpriseTests/Info.plist;
				LD_RUNPATH_SEARCH_PATHS = "$(inherited) @executable_path/Frameworks @loader_path/Frameworks";
				PRODUCT_NAME = "$(TARGET_NAME)";
				TEST_HOST = "$(BUILT_PRODUCTS_DIR)/Surprise.app/Surprise";
			};
			name = Debug;
		};
		354F77B51AA251FB00E66BC4 /* Release */ = {
			isa = XCBuildConfiguration;
			buildSettings = {
				BUNDLE_LOADER = "$(TEST_HOST)";
				FRAMEWORK_SEARCH_PATHS = (
					"$(SDKROOT)/Developer/Library/Frameworks",
					"$(inherited)",
				);
				INFOPLIST_FILE = SurpriseTests/Info.plist;
				LD_RUNPATH_SEARCH_PATHS = "$(inherited) @executable_path/Frameworks @loader_path/Frameworks";
				PRODUCT_NAME = "$(TARGET_NAME)";
				TEST_HOST = "$(BUILT_PRODUCTS_DIR)/Surprise.app/Surprise";
			};
			name = Release;
		};
/* End XCBuildConfiguration section */

/* Begin XCConfigurationList section */
		354F778C1AA251FB00E66BC4 /* Build configuration list for PBXProject "Surprise" */ = {
			isa = XCConfigurationList;
			buildConfigurations = (
				354F77AE1AA251FB00E66BC4 /* Debug */,
				354F77AF1AA251FB00E66BC4 /* Release */,
			);
			defaultConfigurationIsVisible = 0;
			defaultConfigurationName = Release;
		};
		354F77B01AA251FB00E66BC4 /* Build configuration list for PBXNativeTarget "Surprise" */ = {
			isa = XCConfigurationList;
			buildConfigurations = (
				354F77B11AA251FB00E66BC4 /* Debug */,
				354F77B21AA251FB00E66BC4 /* Release */,
			);
			defaultConfigurationIsVisible = 0;
		};
		354F77B31AA251FB00E66BC4 /* Build configuration list for PBXNativeTarget "SurpriseTests" */ = {
			isa = XCConfigurationList;
			buildConfigurations = (
				354F77B41AA251FB00E66BC4 /* Debug */,
				354F77B51AA251FB00E66BC4 /* Release */,
			);
			defaultConfigurationIsVisible = 0;
		};
/* End XCConfigurationList section */
	};
	rootObject = 354F77891AA251FB00E66BC4 /* Project object */;
}
